{
  "name": "eslint-config-bv",
  "version": "0.0.1",
  "lockfileVersion": 1,
  "requires": true,
  "dependencies": {
    "eslint-config-xo": {
      "version": "0.26.0",
      "resolved": "https://registry.npmjs.org/eslint-config-xo/-/eslint-config-xo-0.26.0.tgz",
      "integrity": "sha512-l+93kmBSNr5rMrsqwC6xVWsi8LI4He3z6jSk38e9bAkMNsVsQ8XYO+qzXfJFgFX4i/+hiTswyHtl+nDut9rPaA=="
    }
  }
}
